
Microsoft Visual Studio Solution File, Format Version 12.00
# Visual Studio Version 17
VisualStudioVersion = 17.5.002.0
MinimumVisualStudioVersion = 10.0.40219.1
Project("{9A19103F-16F7-4668-BE54-9A1E7A4F7556}") = "calculadora", "calculadora.csproj", "{17574A8A-612A-448E-88A1-4939F3748616}"
EndProject
Global
	GlobalSection(SolutionConfigurationPlatforms) = preSolution
		Debug|Any CPU = Debug|Any CPU
		Release|Any CPU = Release|Any CPU
	EndGlobalSection
	GlobalSection(ProjectConfigurationPlatforms) = postSolution
		{17574A8A-612A-448E-88A1-4939F3748616}.Debug|Any CPU.ActiveCfg = Debug|Any CPU
		{17574A8A-612A-448E-88A1-4939F3748616}.Debug|Any CPU.Build.0 = Debug|Any CPU
		{17574A8A-612A-448E-88A1-4939F3748616}.Release|Any CPU.ActiveCfg = Release|Any CPU
		{17574A8A-612A-448E-88A1-4939F3748616}.Release|Any CPU.Build.0 = Release|Any CPU
	EndGlobalSection
	GlobalSection(SolutionProperties) = preSolution
		HideSolutionNode = FALSE
	EndGlobalSection
	GlobalSection(ExtensibilityGlobals) = postSolution
		SolutionGuid = {1CF83198-D974-4417-9C87-0D0E0D5F0316}
	EndGlobalSection
EndGlobal
